# THIS IS AN AUTOGENERATED FILE. DO NOT EDIT THIS FILE DIRECTLY.
# yarn lockfile v1


solmate@^6.6.1:
  version "6.6.1"
  resolved "https://registry.yarnpkg.com/solmate/-/solmate-6.6.1.tgz#f0907e1cdada6dd5fbfe11811ab545162b713197"
  integrity sha512-WHvRXQvGtgR6R9nmkDTz/d+oULMqf/D33rlzQyadTX2SbuTmaW7ToEjGjGtWUVCQwZsZ/JP3vbOEVv7fB50btg==
